// !$*UTF8*$!
{
	archiveVersion = 1;
	classes = {
	};
	objectVersion = 50;
	objects = {

/* Begin PBXBuildFile section */
		65EF2961263B8CCD00B0DF82 /* TodoListApp.swift in Sources */ = {isa = PBXBuildFile; fileRef = 65EF2960263B8CCD00B0DF82 /* TodoListApp.swift */; };
		65EF2965263B8CCE00B0DF82 /* Assets.xcassets in Resources */ = {isa = PBXBuildFile; fileRef = 65EF2964263B8CCE00B0DF82 /* Assets.xcassets */; };
		65EF2968263B8CCE00B0DF82 /* Preview Assets.xcassets in Resources */ = {isa = PBXBuildFile; fileRef = 65EF2967263B8CCE00B0DF82 /* Preview Assets.xcassets */; };
		65EF2973263B8CCE00B0DF82 /* TodoListTests.swift in Sources */ = {isa = PBXBuildFile; fileRef = 65EF2972263B8CCE00B0DF82 /* TodoListTests.swift */; };
		65EF297E263B8CCE00B0DF82 /* TodoListUITests.swift in Sources */ = {isa = PBXBuildFile; fileRef = 65EF297D263B8CCE00B0DF82 /* TodoListUITests.swift */; };
		65EF298F263B8E4700B0DF82 /* ListView.swift in Sources */ = {isa = PBXBuildFile; fileRef = 65EF298E263B8E4700B0DF82 /* ListView.swift */; };
		65EF2991263B8FE400B0DF82 /* ListRowView.swift in Sources */ = {isa = PBXBuildFile; fileRef = 65EF2990263B8FE400B0DF82 /* ListRowView.swift */; };
		65EF2993263B929B00B0DF82 /* AddView.swift in Sources */ = {isa = PBXBuildFile; fileRef = 65EF2992263B929B00B0DF82 /* AddView.swift */; };
/* End PBXBuildFile section */

/* Begin PBXContainerItemProxy section */
		65EF296F263B8CCE00B0DF82 /* PBXContainerItemProxy */ = {
			isa = PBXContainerItemProxy;
			containerPortal = 65EF2955263B8CCD00B0DF82 /* Project object */;
			proxyType = 1;
			remoteGlobalIDString = 65EF295C263B8CCD00B0DF82;
			remoteInfo = TodoList;
		};
		65EF297A263B8CCE00B0DF82 /* PBXContainerItemProxy */ = {
			isa = PBXContainerItemProxy;
			containerPortal = 65EF2955263B8CCD00B0DF82 /* Project object */;
			proxyType = 1;
			remoteGlobalIDString = 65EF295C263B8CCD00B0DF82;
			remoteInfo = TodoList;
		};
/* End PBXContainerItemProxy section */

/* Begin PBXFileReference section */
		65EF295D263B8CCD00B0DF82 /* TodoList.app */ = {isa = PBXFileReference; explicitFileType = wrapper.application; includeInIndex = 0; path = TodoList.app; sourceTree = BUILT_PRODUCTS_DIR; };
		65EF2960263B8CCD00B0DF82 /* TodoListApp.swift */ = {isa = PBXFileReference; lastKnownFileType = sourcecode.swift; path = TodoListApp.swift; sourceTree = "<group>"; };
		65EF2964263B8CCE00B0DF82 /* Assets.xcassets */ = {isa = PBXFileReference; lastKnownFileType = folder.assetcatalog; path = Assets.xcassets; sourceTree = "<group>"; };
		65EF2967263B8CCE00B0DF82 /* Preview Assets.xcassets */ = {isa = PBXFileReference; lastKnownFileType = folder.assetcatalog; path = "Preview Assets.xcassets"; sourceTree = "<group>"; };
		65EF2969263B8CCE00B0DF82 /* Info.plist */ = {isa = PBXFileReference; lastKnownFileType = text.plist.xml; path = Info.plist; sourceTree = "<group>"; };
		65EF296E263B8CCE00B0DF82 /* TodoListTests.xctest */ = {isa = PBXFileReference; explicitFileType = wrapper.cfbundle; includeInIndex = 0; path = TodoListTests.xctest; sourceTree = BUILT_PRODUCTS_DIR; };
		65EF2972263B8CCE00B0DF82 /* TodoListTests.swift */ = {isa = PBXFileReference; lastKnownFileType = sourcecode.swift; path = TodoListTests.swift; sourceTree = "<group>"; };
		65EF2974263B8CCE00B0DF82 /* Info.plist */ = {isa = PBXFileReference; lastKnownFileType = text.plist.xml; path = Info.plist; sourceTree = "<group>"; };
		65EF2979263B8CCE00B0DF82 /* TodoListUITests.xctest */ = {isa = PBXFileReference; explicitFileType = wrapper.cfbundle; includeInIndex = 0; path = TodoListUITests.xctest; sourceTree = BUILT_PRODUCTS_DIR; };
		65EF297D263B8CCE00B0DF82 /* TodoListUITests.swift */ = {isa = PBXFileReference; lastKnownFileType = sourcecode.swift; path = TodoListUITests.swift; sourceTree = "<group>"; };
		65EF297F263B8CCE00B0DF82 /* Info.plist */ = {isa = PBXFileReference; lastKnownFileType = text.plist.xml; path = Info.plist; sourceTree = "<group>"; };
		65EF298E263B8E4700B0DF82 /* ListView.swift */ = {isa = PBXFileReference; lastKnownFileType = sourcecode.swift; path = ListView.swift; sourceTree = "<group>"; };
		65EF2990263B8FE400B0DF82 /* ListRowView.swift */ = {isa = PBXFileReference; lastKnownFileType = sourcecode.swift; path = ListRowView.swift; sourceTree = "<group>"; };
		65EF2992263B929B00B0DF82 /* AddView.swift */ = {isa = PBXFileReference; lastKnownFileType = sourcecode.swift; path = AddView.swift; sourceTree = "<group>"; };
/* End PBXFileReference section */

/* Begin PBXFrameworksBuildPhase section */
		65EF295A263B8CCD00B0DF82 /* Frameworks */ = {
			isa = PBXFrameworksBuildPhase;
			buildActionMask = 2147483647;
			files = (
			);
			runOnlyForDeploymentPostprocessing = 0;
		};
		65EF296B263B8CCE00B0DF82 /* Frameworks */ = {
			isa = PBXFrameworksBuildPhase;
			buildActionMask = 2147483647;
			files = (
			);
			runOnlyForDeploymentPostprocessing = 0;
		};
		65EF2976263B8CCE00B0DF82 /* Frameworks */ = {
			isa = PBXFrameworksBuildPhase;
			buildActionMask = 2147483647;
			files = (
			);
			runOnlyForDeploymentPostprocessing = 0;
		};
/* End PBXFrameworksBuildPhase section */

/* Begin PBXGroup section */
		65EF2954263B8CCD00B0DF82 = {
			isa = PBXGroup;
			children = (
				65EF295F263B8CCD00B0DF82 /* TodoList */,
				65EF2971263B8CCE00B0DF82 /* TodoListTests */,
				65EF297C263B8CCE00B0DF82 /* TodoListUITests */,
				65EF295E263B8CCD00B0DF82 /* Products */,
			);
			sourceTree = "<group>";
		};
		65EF295E263B8CCD00B0DF82 /* Products */ = {
			isa = PBXGroup;
			children = (
				65EF295D263B8CCD00B0DF82 /* TodoList.app */,
				65EF296E263B8CCE00B0DF82 /* TodoListTests.xctest */,
				65EF2979263B8CCE00B0DF82 /* TodoListUITests.xctest */,
			);
			name = Products;
			sourceTree = "<group>";
		};
		65EF295F263B8CCD00B0DF82 /* TodoList */ = {
			isa = PBXGroup;
			children = (
				65EF2960263B8CCD00B0DF82 /* TodoListApp.swift */,
				65EF298B263B8E0A00B0DF82 /* Views */,
				65EF2964263B8CCE00B0DF82 /* Assets.xcassets */,
				65EF2969263B8CCE00B0DF82 /* Info.plist */,
				65EF2966263B8CCE00B0DF82 /* Preview Content */,
			);
			path = TodoList;
			sourceTree = "<group>";
		};
		65EF2966263B8CCE00B0DF82 /* Preview Content */ = {
			isa = PBXGroup;
			children = (
				65EF2967263B8CCE00B0DF82 /* Preview Assets.xcassets */,
			);
			path = "Preview Content";
			sourceTree = "<group>";
		};
		65EF2971263B8CCE00B0DF82 /* TodoListTests */ = {
			isa = PBXGroup;
			children = (
				65EF2972263B8CCE00B0DF82 /* TodoListTests.swift */,
				65EF2974263B8CCE00B0DF82 /* Info.plist */,
			);
			path = TodoListTests;
			sourceTree = "<group>";
		};
		65EF297C263B8CCE00B0DF82 /* TodoListUITests */ = {
			isa = PBXGroup;
			children = (
				65EF297D263B8CCE00B0DF82 /* TodoListUITests.swift */,
				65EF297F263B8CCE00B0DF82 /* Info.plist */,
			);
			path = TodoListUITests;
			sourceTree = "<group>";
		};
		65EF298B263B8E0A00B0DF82 /* Views */ = {
			isa = PBXGroup;
			children = (
				65EF298E263B8E4700B0DF82 /* ListView.swift */,
				65EF2990263B8FE400B0DF82 /* ListRowView.swift */,
				65EF2992263B929B00B0DF82 /* AddView.swift */,
			);
			path = Views;
			sourceTree = "<group>";
		};
/* End PBXGroup section */

/* Begin PBXNativeTarget section */
		65EF295C263B8CCD00B0DF82 /* TodoList */ = {
			isa = PBXNativeTarget;
			buildConfigurationList = 65EF2982263B8CCE00B0DF82 /* Build configuration list for PBXNativeTarget "TodoList" */;
			buildPhases = (
				65EF2959263B8CCD00B0DF82 /* Sources */,
				65EF295A263B8CCD00B0DF82 /* Frameworks */,
				65EF295B263B8CCD00B0DF82 /* Resources */,
			);
			buildRules = (
			);
			dependencies = (
			);
			name = TodoList;
			productName = TodoList;
			productReference = 65EF295D263B8CCD00B0DF82 /* TodoList.app */;
			productType = "com.apple.product-type.application";
		};
		65EF296D263B8CCE00B0DF82 /* TodoListTests */ = {
			isa = PBXNativeTarget;
			buildConfigurationList = 65EF2985263B8CCE00B0DF82 /* Build configuration list for PBXNativeTarget "TodoListTests" */;
			buildPhases = (
				65EF296A263B8CCE00B0DF82 /* Sources */,
				65EF296B263B8CCE00B0DF82 /* Frameworks */,
				65EF296C263B8CCE00B0DF82 /* Resources */,
			);
			buildRules = (
			);
			dependencies = (
				65EF2970263B8CCE00B0DF82 /* PBXTargetDependency */,
			);
			name = TodoListTests;
			productName = TodoListTests;
			productReference = 65EF296E263B8CCE00B0DF82 /* TodoListTests.xctest */;
			productType = "com.apple.product-type.bundle.unit-test";
		};
		65EF2978263B8CCE00B0DF82 /* TodoListUITests */ = {
			isa = PBXNativeTarget;
			buildConfigurationList = 65EF2988263B8CCE00B0DF82 /* Build configuration list for PBXNativeTarget "TodoListUITests" */;
			buildPhases = (
				65EF2975263B8CCE00B0DF82 /* Sources */,
				65EF2976263B8CCE00B0DF82 /* Frameworks */,
				65EF2977263B8CCE00B0DF82 /* Resources */,
			);
			buildRules = (
			);
			dependencies = (
				65EF297B263B8CCE00B0DF82 /* PBXTargetDependency */,
			);
			name = TodoListUITests;
			productName = TodoListUITests;
			productReference = 65EF2979263B8CCE00B0DF82 /* TodoListUITests.xctest */;
			productType = "com.apple.product-type.bundle.ui-testing";
		};
/* End PBXNativeTarget section */

/* Begin PBXProject section */
		65EF2955263B8CCD00B0DF82 /* Project object */ = {
			isa = PBXProject;
			attributes = {
				LastSwiftUpdateCheck = 1250;
				LastUpgradeCheck = 1250;
				TargetAttributes = {
					65EF295C263B8CCD00B0DF82 = {
						CreatedOnToolsVersion = 12.5;
					};
					65EF296D263B8CCE00B0DF82 = {
						CreatedOnToolsVersion = 12.5;
						TestTargetID = 65EF295C263B8CCD00B0DF82;
					};
					65EF2978263B8CCE00B0DF82 = {
						CreatedOnToolsVersion = 12.5;
						TestTargetID = 65EF295C263B8CCD00B0DF82;
					};
				};
			};
			buildConfigurationList = 65EF2958263B8CCD00B0DF82 /* Build configuration list for PBXProject "TodoList" */;
			compatibilityVersion = "Xcode 9.3";
			developmentRegion = en;
			hasScannedForEncodings = 0;
			knownRegions = (
				en,
				Base,
			);
			mainGroup = 65EF2954263B8CCD00B0DF82;
			productRefGroup = 65EF295E263B8CCD00B0DF82 /* Products */;
			projectDirPath = "";
			projectRoot = "";
			targets = (
				65EF295C263B8CCD00B0DF82 /* TodoList */,
				65EF296D263B8CCE00B0DF82 /* TodoListTests */,
				65EF2978263B8CCE00B0DF82 /* TodoListUITests */,
			);
		};
/* End PBXProject section */

/* Begin PBXResourcesBuildPhase section */
		65EF295B263B8CCD00B0DF82 /* Resources */ = {
			isa = PBXResourcesBuildPhase;
			buildActionMask = 2147483647;
			files = (
				65EF2968263B8CCE00B0DF82 /* Preview Assets.xcassets in Resources */,
				65EF2965263B8CCE00B0DF82 /* Assets.xcassets in Resources */,
			);
			runOnlyForDeploymentPostprocessing = 0;
		};
		65EF296C263B8CCE00B0DF82 /* Resources */ = {
			isa = PBXResourcesBuildPhase;
			buildActionMask = 2147483647;
			files = (
			);
			runOnlyForDeploymentPostprocessing = 0;
		};
		65EF2977263B8CCE00B0DF82 /* Resources */ = {
			isa = PBXResourcesBuildPhase;
			buildActionMask = 2147483647;
			files = (
			);
			runOnlyForDeploymentPostprocessing = 0;
		};
/* End PBXResourcesBuildPhase section */

/* Begin PBXSourcesBuildPhase section */
		65EF2959263B8CCD00B0DF82 /* Sources */ = {
			isa = PBXSourcesBuildPhase;
			buildActionMask = 2147483647;
			files = (
				65EF2993263B929B00B0DF82 /* AddView.swift in Sources */,
				65EF2961263B8CCD00B0DF82 /* TodoListApp.swift in Sources */,
				65EF298F263B8E4700B0DF82 /* ListView.swift in Sources */,
				65EF2991263B8FE400B0DF82 /* ListRowView.swift in Sources */,
			);
			runOnlyForDeploymentPostprocessing = 0;
		};
		65EF296A263B8CCE00B0DF82 /* Sources */ = {
			isa = PBXSourcesBuildPhase;
			buildActionMask = 2147483647;
			files = (
				65EF2973263B8CCE00B0DF82 /* TodoListTests.swift in Sources */,
			);
			runOnlyForDeploymentPostprocessing = 0;
		};
		65EF2975263B8CCE00B0DF82 /* Sources */ = {
			isa = PBXSourcesBuildPhase;
			buildActionMask = 2147483647;
			files = (
				65EF297E263B8CCE00B0DF82 /* TodoListUITests.swift in Sources */,
			);
			runOnlyForDeploymentPostprocessing = 0;
		};
/* End PBXSourcesBuildPhase section */

/* Begin PBXTargetDependency section */
		65EF2970263B8CCE00B0DF82 /* PBXTargetDependency */ = {
			isa = PBXTargetDependency;
			target = 65EF295C263B8CCD00B0DF82 /* TodoList */;
			targetProxy = 65EF296F263B8CCE00B0DF82 /* PBXContainerItemProxy */;
		};
		65EF297B263B8CCE00B0DF82 /* PBXTargetDependency */ = {
			isa = PBXTargetDependency;
			target = 65EF295C263B8CCD00B0DF82 /* TodoList */;
			targetProxy = 65EF297A263B8CCE00B0DF82 /* PBXContainerItemProxy */;
		};
/* End PBXTargetDependency section */

/* Begin XCBuildConfiguration section */
		65EF2980263B8CCE00B0DF82 /* Debug */ = {
			isa = XCBuildConfiguration;
			buildSettings = {
				ALWAYS_SEARCH_USER_PATHS = NO;
				CLANG_ANALYZER_NONNULL = YES;
				CLANG_ANALYZER_NUMBER_OBJECT_CONVERSION = YES_AGGRESSIVE;
				CLANG_CXX_LANGUAGE_STANDARD = "gnu++14";
				CLANG_CXX_LIBRARY = "libc++";
				CLANG_ENABLE_MODULES = YES;
				CLANG_ENABLE_OBJC_ARC = YES;
				CLANG_ENABLE_OBJC_WEAK = YES;
				CLANG_WARN_BLOCK_CAPTURE_AUTORELEASING = YES;
				CLANG_WARN_BOOL_CONVERSION = YES;
				CLANG_WARN_COMMA = YES;
				CLANG_WARN_CONSTANT_CONVERSION = YES;
				CLANG_WARN_DEPRECATED_OBJC_IMPLEMENTATIONS = YES;
				CLANG_WARN_DIRECT_OBJC_ISA_USAGE = YES_ERROR;
				CLANG_WARN_DOCUMENTATION_COMMENTS = YES;
				CLANG_WARN_EMPTY_BODY = YES;
				CLANG_WARN_ENUM_CONVERSION = YES;
				CLANG_WARN_INFINITE_RECURSION = YES;
				CLANG_WARN_INT_CONVERSION = YES;
				CLANG_WARN_NON_LITERAL_NULL_CONVERSION = YES;
				CLANG_WARN_OBJC_IMPLICIT_RETAIN_SELF = YES;
				CLANG_WARN_OBJC_LITERAL_CONVERSION = YES;
				CLANG_WARN_OBJC_ROOT_CLASS = YES_ERROR;
				CLANG_WARN_QUOTED_INCLUDE_IN_FRAMEWORK_HEADER = YES;
				CLANG_WARN_RANGE_LOOP_ANALYSIS = YES;
				CLANG_WARN_STRICT_PROTOTYPES = YES;
				CLANG_WARN_SUSPICIOUS_MOVE = YES;
				CLANG_WARN_UNGUARDED_AVAILABILITY = YES_AGGRESSIVE;
				CLANG_WARN_UNREACHABLE_CODE = YES;
				CLANG_WARN__DUPLICATE_METHOD_MATCH = YES;
				COPY_PHASE_STRIP = NO;
				DEBUG_INFORMATION_FORMAT = dwarf;
				ENABLE_STRICT_OBJC_MSGSEND = YES;
				ENABLE_TESTABILITY = YES;
				GCC_C_LANGUAGE_STANDARD = gnu11;
				GCC_DYNAMIC_NO_PIC = NO;
				GCC_NO_COMMON_BLOCKS = YES;
				GCC_OPTIMIZATION_LEVEL = 0;
				GCC_PREPROCESSOR_DEFINITIONS = (
					"DEBUG=1",
					"$(inherited)",
				);
				GCC_WARN_64_TO_32_BIT_CONVERSION = YES;
				GCC_WARN_ABOUT_RETURN_TYPE = YES_ERROR;
				GCC_WARN_UNDECLARED_SELECTOR = YES;
				GCC_WARN_UNINITIALIZED_AUTOS = YES_AGGRESSIVE;
				GCC_WARN_UNUSED_FUNCTION = YES;
				GCC_WARN_UNUSED_VARIABLE = YES;
				IPHONEOS_DEPLOYMENT_TARGET = 14.5;
				MTL_ENABLE_DEBUG_INFO = INCLUDE_SOURCE;
				MTL_FAST_MATH = YES;
				ONLY_ACTIVE_ARCH = YES;
				SDKROOT = iphoneos;
				SWIFT_ACTIVE_COMPILATION_CONDITIONS = DEBUG;
				SWIFT_OPTIMIZATION_LEVEL = "-Onone";
			};
			name = Debug;
		};
		65EF2981263B8CCE00B0DF82 /* Release */ = {
			isa = XCBuildConfiguration;
			buildSettings = {
				ALWAYS_SEARCH_USER_PATHS = NO;
				CLANG_ANALYZER_NONNULL = YES;
				CLANG_ANALYZER_NUMBER_OBJECT_CONVERSION = YES_AGGRESSIVE;
				CLANG_CXX_LANGUAGE_STANDARD = "gnu++14";
				CLANG_CXX_LIBRARY = "libc++";
				CLANG_ENABLE_MODULES = YES;
				CLANG_ENABLE_OBJC_ARC = YES;
				CLANG_ENABLE_OBJC_WEAK = YES;
				CLANG_WARN_BLOCK_CAPTURE_AUTORELEASING = YES;
				CLANG_WARN_BOOL_CONVERSION = YES;
				CLANG_WARN_COMMA = YES;
				CLANG_WARN_CONSTANT_CONVERSION = YES;
				CLANG_WARN_DEPRECATED_OBJC_IMPLEMENTATIONS = YES;
				CLANG_WARN_DIRECT_OBJC_ISA_USAGE = YES_ERROR;
				CLANG_WARN_DOCUMENTATION_COMMENTS = YES;
				CLANG_WARN_EMPTY_BODY = YES;
				CLANG_WARN_ENUM_CONVERSION = YES;
				CLANG_WARN_INFINITE_RECURSION = YES;
				CLANG_WARN_INT_CONVERSION = YES;
				CLANG_WARN_NON_LITERAL_NULL_CONVERSION = YES;
				CLANG_WARN_OBJC_IMPLICIT_RETAIN_SELF = YES;
				CLANG_WARN_OBJC_LITERAL_CONVERSION = YES;
				CLANG_WARN_OBJC_ROOT_CLASS = YES_ERROR;
				CLANG_WARN_QUOTED_INCLUDE_IN_FRAMEWORK_HEADER = YES;
				CLANG_WARN_RANGE_LOOP_ANALYSIS = YES;
				CLANG_WARN_STRICT_PROTOTYPES = YES;
				CLANG_WARN_SUSPICIOUS_MOVE = YES;
				CLANG_WARN_UNGUARDED_AVAILABILITY = YES_AGGRESSIVE;
				CLANG_WARN_UNREACHABLE_CODE = YES;
				CLANG_WARN__DUPLICATE_METHOD_MATCH = YES;
				COPY_PHASE_STRIP = NO;
				DEBUG_INFORMATION_FORMAT = "dwarf-with-dsym";
				ENABLE_NS_ASSERTIONS = NO;
				ENABLE_STRICT_OBJC_MSGSEND = YES;
				GCC_C_LANGUAGE_STANDARD = gnu11;
				GCC_NO_COMMON_BLOCKS = YES;
				GCC_WARN_64_TO_32_BIT_CONVERSION = YES;
				GCC_WARN_ABOUT_RETURN_TYPE = YES_ERROR;
				GCC_WARN_UNDECLARED_SELECTOR = YES;
				GCC_WARN_UNINITIALIZED_AUTOS = YES_AGGRESSIVE;
				GCC_WARN_UNUSED_FUNCTION = YES;
				GCC_WARN_UNUSED_VARIABLE = YES;
				IPHONEOS_DEPLOYMENT_TARGET = 14.5;
				MTL_ENABLE_DEBUG_INFO = NO;
				MTL_FAST_MATH = YES;
				SDKROOT = iphoneos;
				SWIFT_COMPILATION_MODE = wholemodule;
				SWIFT_OPTIMIZATION_LEVEL = "-O";
				VALIDATE_PRODUCT = YES;
			};
			name = Release;
		};
		65EF2983263B8CCE00B0DF82 /* Debug */ = {
			isa = XCBuildConfiguration;
			buildSettings = {
				ASSETCATALOG_COMPILER_APPICON_NAME = AppIcon;
				ASSETCATALOG_COMPILER_GLOBAL_ACCENT_COLOR_NAME = AccentColor;
				CODE_SIGN_STYLE = Automatic;
				DEVELOPMENT_ASSET_PATHS = "\"TodoList/Preview Content\"";
				DEVELOPMENT_TEAM = A9976965C3;
				ENABLE_PREVIEWS = YES;
				INFOPLIST_FILE = TodoList/Info.plist;
				IPHONEOS_DEPLOYMENT_TARGET = 14.0;
				LD_RUNPATH_SEARCH_PATHS = (
					"$(inherited)",
					"@executable_path/Frameworks",
				);
				PRODUCT_BUNDLE_IDENTIFIER = com.andrealmeida.TodoList;
				PRODUCT_NAME = "$(TARGET_NAME)";
				SWIFT_VERSION = 5.0;
				TARGETED_DEVICE_FAMILY = "1,2";
			};
			name = Debug;
		};
		65EF2984263B8CCE00B0DF82 /* Release */ = {
			isa = XCBuildConfiguration;
			buildSettings = {
				ASSETCATALOG_COMPILER_APPICON_NAME = AppIcon;
				ASSETCATALOG_COMPILER_GLOBAL_ACCENT_COLOR_NAME = AccentColor;
				CODE_SIGN_STYLE = Automatic;
				DEVELOPMENT_ASSET_PATHS = "\"TodoList/Preview Content\"";
				DEVELOPMENT_TEAM = A9976965C3;
				ENABLE_PREVIEWS = YES;
				INFOPLIST_FILE = TodoList/Info.plist;
				IPHONEOS_DEPLOYMENT_TARGET = 14.0;
				LD_RUNPATH_SEARCH_PATHS = (
					"$(inherited)",
					"@executable_path/Frameworks",
				);
				PRODUCT_BUNDLE_IDENTIFIER = com.andrealmeida.TodoList;
				PRODUCT_NAME = "$(TARGET_NAME)";
				SWIFT_VERSION = 5.0;
				TARGETED_DEVICE_FAMILY = "1,2";
			};
			name = Release;
		};
		65EF2986263B8CCE00B0DF82 /* Debug */ = {
			isa = XCBuildConfiguration;
			buildSettings = {
				ALWAYS_EMBED_SWIFT_STANDARD_LIBRARIES = YES;
				BUNDLE_LOADER = "$(TEST_HOST)";
				CODE_SIGN_STYLE = Automatic;
				DEVELOPMENT_TEAM = A9976965C3;
				INFOPLIST_FILE = TodoListTests/Info.plist;
				IPHONEOS_DEPLOYMENT_TARGET = 14.0;
				LD_RUNPATH_SEARCH_PATHS = (
					"$(inherited)",
					"@executable_path/Frameworks",
					"@loader_path/Frameworks",
				);
				PRODUCT_BUNDLE_IDENTIFIER = com.andrealmeida.TodoListTests;
				PRODUCT_NAME = "$(TARGET_NAME)";
				SWIFT_VERSION = 5.0;
				TARGETED_DEVICE_FAMILY = "1,2";
				TEST_HOST = "$(BUILT_PRODUCTS_DIR)/TodoList.app/TodoList";
			};
			name = Debug;
		};
		65EF2987263B8CCE00B0DF82 /* Release */ = {
			isa = XCBuildConfiguration;
			buildSettings = {
				ALWAYS_EMBED_SWIFT_STANDARD_LIBRARIES = YES;
				BUNDLE_LOADER = "$(TEST_HOST)";
				CODE_SIGN_STYLE = Automatic;
				DEVELOPMENT_TEAM = A9976965C3;
				INFOPLIST_FILE = TodoListTests/Info.plist;
				IPHONEOS_DEPLOYMENT_TARGET = 14.0;
				LD_RUNPATH_SEARCH_PATHS = (
					"$(inherited)",
					"@executable_path/Frameworks",
					"@loader_path/Frameworks",
				);
				PRODUCT_BUNDLE_IDENTIFIER = com.andrealmeida.TodoListTests;
				PRODUCT_NAME = "$(TARGET_NAME)";
				SWIFT_VERSION = 5.0;
				TARGETED_DEVICE_FAMILY = "1,2";
				TEST_HOST = "$(BUILT_PRODUCTS_DIR)/TodoList.app/TodoList";
			};
			name = Release;
		};
		65EF2989263B8CCE00B0DF82 /* Debug */ = {
			isa = XCBuildConfiguration;
			buildSettings = {
				ALWAYS_EMBED_SWIFT_STANDARD_LIBRARIES = YES;
				CODE_SIGN_STYLE = Automatic;
				DEVELOPMENT_TEAM = A9976965C3;
				INFOPLIST_FILE = TodoListUITests/Info.plist;
				LD_RUNPATH_SEARCH_PATHS = (
					"$(inherited)",
					"@executable_path/Frameworks",
					"@loader_path/Frameworks",
				);
				PRODUCT_BUNDLE_IDENTIFIER = com.andrealmeida.TodoListUITests;
				PRODUCT_NAME = "$(TARGET_NAME)";
				SWIFT_VERSION = 5.0;
				TARGETED_DEVICE_FAMILY = "1,2";
				TEST_TARGET_NAME = TodoList;
			};
			name = Debug;
		};
		65EF298A263B8CCE00B0DF82 /* Release */ = {
			isa = XCBuildConfiguration;
			buildSettings = {
				ALWAYS_EMBED_SWIFT_STANDARD_LIBRARIES = YES;
				CODE_SIGN_STYLE = Automatic;
				DEVELOPMENT_TEAM = A9976965C3;
				INFOPLIST_FILE = TodoListUITests/Info.plist;
				LD_RUNPATH_SEARCH_PATHS = (
					"$(inherited)",
					"@executable_path/Frameworks",
					"@loader_path/Frameworks",
				);
				PRODUCT_BUNDLE_IDENTIFIER = com.andrealmeida.TodoListUITests;
				PRODUCT_NAME = "$(TARGET_NAME)";
				SWIFT_VERSION = 5.0;
				TARGETED_DEVICE_FAMILY = "1,2";
				TEST_TARGET_NAME = TodoList;
			};
			name = Release;
		};
/* End XCBuildConfiguration section */

/* Begin XCConfigurationList section */
		65EF2958263B8CCD00B0DF82 /* Build configuration list for PBXProject "TodoList" */ = {
			isa = XCConfigurationList;
			buildConfigurations = (
				65EF2980263B8CCE00B0DF82 /* Debug */,
				65EF2981263B8CCE00B0DF82 /* Release */,
			);
			defaultConfigurationIsVisible = 0;
			defaultConfigurationName = Release;
		};
		65EF2982263B8CCE00B0DF82 /* Build configuration list for PBXNativeTarget "TodoList" */ = {
			isa = XCConfigurationList;
			buildConfigurations = (
				65EF2983263B8CCE00B0DF82 /* Debug */,
				65EF2984263B8CCE00B0DF82 /* Release */,
			);
			defaultConfigurationIsVisible = 0;
			defaultConfigurationName = Release;
		};
		65EF2985263B8CCE00B0DF82 /* Build configuration list for PBXNativeTarget "TodoListTests" */ = {
			isa = XCConfigurationList;
			buildConfigurations = (
				65EF2986263B8CCE00B0DF82 /* Debug */,
				65EF2987263B8CCE00B0DF82 /* Release */,
			);
			defaultConfigurationIsVisible = 0;
			defaultConfigurationName = Release;
		};
		65EF2988263B8CCE00B0DF82 /* Build configuration list for PBXNativeTarget "TodoListUITests" */ = {
			isa = XCConfigurationList;
			buildConfigurations = (
				65EF2989263B8CCE00B0DF82 /* Debug */,
				65EF298A263B8CCE00B0DF82 /* Release */,
			);
			defaultConfigurationIsVisible = 0;
			defaultConfigurationName = Release;
		};
/* End XCConfigurationList section */
	};
	rootObject = 65EF2955263B8CCD00B0DF82 /* Project object */;
}
